
Microsoft Visual Studio Solution File, Format Version 12.00
# Visual Studio Version 16
VisualStudioVersion = 16.0.30413.136
MinimumVisualStudioVersion = 10.0.40219.1
Project("{FAE04EC0-301F-11D3-BF4B-00C04F79EFBC}") = "BooksRenamer", "BooksRenamer\BooksRenamer.csproj", "{9C05BC0F-C3A0-4E7B-8EE3-CF81719529C6}"
EndProject
Global
	GlobalSection(SolutionConfigurationPlatforms) = preSolution
		Debug|Any CPU = Debug|Any CPU
		Release|Any CPU = Release|Any CPU
	EndGlobalSection
	GlobalSection(ProjectConfigurationPlatforms) = postSolution
		{9C05BC0F-C3A0-4E7B-8EE3-CF81719529C6}.Debug|Any CPU.ActiveCfg = Debug|Any CPU
		{9C05BC0F-C3A0-4E7B-8EE3-CF81719529C6}.Debug|Any CPU.Build.0 = Debug|Any CPU
		{9C05BC0F-C3A0-4E7B-8EE3-CF81719529C6}.Release|Any CPU.ActiveCfg = Release|Any CPU
		{9C05BC0F-C3A0-4E7B-8EE3-CF81719529C6}.Release|Any CPU.Build.0 = Release|Any CPU
	EndGlobalSection
	GlobalSection(SolutionProperties) = preSolution
		HideSolutionNode = FALSE
	EndGlobalSection
	GlobalSection(ExtensibilityGlobals) = postSolution
		SolutionGuid = {20398CC9-3EF2-4DBF-8150-C899DE515DAD}
	EndGlobalSection
EndGlobal
